
Microsoft Visual Studio Solution File, Format Version 12.00
# Visual Studio Version 17
VisualStudioVersion = 17.10.35027.167
MinimumVisualStudioVersion = 10.0.40219.1
Project("{8BC9CEB8-8B4A-11D0-8D11-00A0C91BC942}") = "server", "server\server.vcxproj", "{DD80D880-8868-4632-801C-FC4B96A8B63B}"
EndProject
Global
	GlobalSection(SolutionConfigurationPlatforms) = preSolution
		Debug|x64 = Debug|x64
		Debug|x86 = Debug|x86
		Release|x64 = Release|x64
		Release|x86 = Release|x86
	EndGlobalSection
	GlobalSection(ProjectConfigurationPlatforms) = postSolution
		{DD80D880-8868-4632-801C-FC4B96A8B63B}.Debug|x64.ActiveCfg = Debug|x64
		{DD80D880-8868-4632-801C-FC4B96A8B63B}.Debug|x64.Build.0 = Debug|x64
		{DD80D880-8868-4632-801C-FC4B96A8B63B}.Debug|x86.ActiveCfg = Debug|Win32
		{DD80D880-8868-4632-801C-FC4B96A8B63B}.Debug|x86.Build.0 = Debug|Win32
		{DD80D880-8868-4632-801C-FC4B96A8B63B}.Release|x64.ActiveCfg = Release|x64
		{DD80D880-8868-4632-801C-FC4B96A8B63B}.Release|x64.Build.0 = Release|x64
		{DD80D880-8868-4632-801C-FC4B96A8B63B}.Release|x86.ActiveCfg = Release|Win32
		{DD80D880-8868-4632-801C-FC4B96A8B63B}.Release|x86.Build.0 = Release|Win32
	EndGlobalSection
	GlobalSection(SolutionProperties) = preSolution
		HideSolutionNode = FALSE
	EndGlobalSection
	GlobalSection(ExtensibilityGlobals) = postSolution
		SolutionGuid = {1A9BFDDB-E128-475F-A25C-5D7088CC2DF1}
	EndGlobalSection
EndGlobal
